
Microsoft Visual Studio Solution File, Format Version 12.00
# Visual Studio Version 16
VisualStudioVersion = 16.0.33529.622
MinimumVisualStudioVersion = 10.0.40219.1
Project("{FAE04EC0-301F-11D3-BF4B-00C04F79EFBC}") = "FileMaster", "FileMaster.csproj", "{02D1E782-A9D0-4162-9DFF-6A3C82A360E2}"
EndProject
Project("{54435603-DBB4-11D2-8724-00A0C9A8B90C}") = "仓鼠文件处理程序", "..\仓鼠文件处理程序\仓鼠文件处理程序.vdproj", "{FC08FF0C-6773-431C-A86D-D1ECDEFE1B9B}"
EndProject
Global
	GlobalSection(SolutionConfigurationPlatforms) = preSolution
		Debug|Any CPU = Debug|Any CPU
		Release|Any CPU = Release|Any CPU
	EndGlobalSection
	GlobalSection(ProjectConfigurationPlatforms) = postSolution
		{02D1E782-A9D0-4162-9DFF-6A3C82A360E2}.Debug|Any CPU.ActiveCfg = Debug|Any CPU
		{02D1E782-A9D0-4162-9DFF-6A3C82A360E2}.Debug|Any CPU.Build.0 = Debug|Any CPU
		{02D1E782-A9D0-4162-9DFF-6A3C82A360E2}.Release|Any CPU.ActiveCfg = Release|Any CPU
		{02D1E782-A9D0-4162-9DFF-6A3C82A360E2}.Release|Any CPU.Build.0 = Release|Any CPU
		{FC08FF0C-6773-431C-A86D-D1ECDEFE1B9B}.Debug|Any CPU.ActiveCfg = Debug
		{FC08FF0C-6773-431C-A86D-D1ECDEFE1B9B}.Debug|Any CPU.Build.0 = Debug
		{FC08FF0C-6773-431C-A86D-D1ECDEFE1B9B}.Release|Any CPU.ActiveCfg = Release
		{FC08FF0C-6773-431C-A86D-D1ECDEFE1B9B}.Release|Any CPU.Build.0 = Release
	EndGlobalSection
	GlobalSection(SolutionProperties) = preSolution
		HideSolutionNode = FALSE
	EndGlobalSection
	GlobalSection(ExtensibilityGlobals) = postSolution
		SolutionGuid = {48E33555-66E1-4667-957D-A90EE10E1FAE}
	EndGlobalSection
EndGlobal
